
Microsoft Visual Studio Solution File, Format Version 11.00
# Visual Studio 2010
Project("{FAE04EC0-301F-11D3-BF4B-00C04F79EFBC}") = "Assembly-CSharp", "Assembly-CSharp.csproj", "{3C13DF06-0E61-83E2-E199-9A1D62885878}"
EndProject
Global
	GlobalSection(SolutionConfigurationPlatforms) = preSolution
		Debug|Any CPU = Debug|Any CPU
		Release|Any CPU = Release|Any CPU
	EndGlobalSection
	GlobalSection(ProjectConfigurationPlatforms) = postSolution
		{3C13DF06-0E61-83E2-E199-9A1D62885878}.Debug|Any CPU.ActiveCfg = Debug|Any CPU
		{3C13DF06-0E61-83E2-E199-9A1D62885878}.Debug|Any CPU.Build.0 = Debug|Any CPU
		{3C13DF06-0E61-83E2-E199-9A1D62885878}.Release|Any CPU.ActiveCfg = Release|Any CPU
		{3C13DF06-0E61-83E2-E199-9A1D62885878}.Release|Any CPU.Build.0 = Release|Any CPU
	EndGlobalSection
	GlobalSection(SolutionProperties) = preSolution
		HideSolutionNode = FALSE
	EndGlobalSection
	GlobalSection(MonoDevelopProperties) = preSolution
		StartupItem = Assembly-CSharp.csproj
	EndGlobalSection
EndGlobal
